
Microsoft Visual Studio Solution File, Format Version 12.00
# Visual Studio Version 17
VisualStudioVersion = 17.3.32825.248
MinimumVisualStudioVersion = 10.0.40219.1
Project("{FAE04EC0-301F-11D3-BF4B-00C04F79EFBC}") = "EnableResizeMono", "EnableResizeMono\EnableResizeMono.csproj", "{6E835981-EEB7-4E65-B7C0-9F71AE92E4FB}"
EndProject
Project("{FAE04EC0-301F-11D3-BF4B-00C04F79EFBC}") = "EnableResizeIL2CPP_netFm", "EnableResizeIL2CPP_netFm\EnableResizeIL2CPP_netFm.csproj", "{9921DE3B-DEF2-4470-BD8F-23F207128844}"
EndProject
Project("{FAE04EC0-301F-11D3-BF4B-00C04F79EFBC}") = "EnableFullScreenToggleIL2CPP_netFm", "EnableFullScreenToggleIL2CPP_netFm\EnableFullScreenToggleIL2CPP_netFm.csproj", "{F37EF379-2D98-469F-8CBF-EC995F54D7DF}"
EndProject
Project("{FAE04EC0-301F-11D3-BF4B-00C04F79EFBC}") = "MessageCenterIL2CPP_netFm", "MessageCenterIL2CPP_netFm\MessageCenterIL2CPP_netFm.csproj", "{31FB817C-89A3-421F-8508-F20803B556E6}"
EndProject
Project("{FAE04EC0-301F-11D3-BF4B-00C04F79EFBC}") = "MuteInBackgroundIL2CPP_NetFm", "MuteInBackgroundIL2CPP_NetFm\MuteInBackgroundIL2CPP_NetFm.csproj", "{A9424D5E-15DE-4DCD-BB13-D9D25B197CB5}"
EndProject
Project("{FAE04EC0-301F-11D3-BF4B-00C04F79EFBC}") = "GraphicsSettingsIL2CPP_netFm", "GraphicsSettingsIL2CPP_netFm\GraphicsSettingsIL2CPP_netFm.csproj", "{F53A87D9-D39E-437F-8ED4-1B90E432E23B}"
EndProject
Global
	GlobalSection(SolutionConfigurationPlatforms) = preSolution
		Debug|Any CPU = Debug|Any CPU
		Release|Any CPU = Release|Any CPU
	EndGlobalSection
	GlobalSection(ProjectConfigurationPlatforms) = postSolution
		{6E835981-EEB7-4E65-B7C0-9F71AE92E4FB}.Debug|Any CPU.ActiveCfg = Debug|Any CPU
		{6E835981-EEB7-4E65-B7C0-9F71AE92E4FB}.Debug|Any CPU.Build.0 = Debug|Any CPU
		{6E835981-EEB7-4E65-B7C0-9F71AE92E4FB}.Release|Any CPU.ActiveCfg = Release|Any CPU
		{6E835981-EEB7-4E65-B7C0-9F71AE92E4FB}.Release|Any CPU.Build.0 = Release|Any CPU
		{9921DE3B-DEF2-4470-BD8F-23F207128844}.Debug|Any CPU.ActiveCfg = Debug|Any CPU
		{9921DE3B-DEF2-4470-BD8F-23F207128844}.Debug|Any CPU.Build.0 = Debug|Any CPU
		{9921DE3B-DEF2-4470-BD8F-23F207128844}.Release|Any CPU.ActiveCfg = Release|Any CPU
		{9921DE3B-DEF2-4470-BD8F-23F207128844}.Release|Any CPU.Build.0 = Release|Any CPU
		{F37EF379-2D98-469F-8CBF-EC995F54D7DF}.Debug|Any CPU.ActiveCfg = Debug|Any CPU
		{F37EF379-2D98-469F-8CBF-EC995F54D7DF}.Debug|Any CPU.Build.0 = Debug|Any CPU
		{F37EF379-2D98-469F-8CBF-EC995F54D7DF}.Release|Any CPU.ActiveCfg = Release|Any CPU
		{F37EF379-2D98-469F-8CBF-EC995F54D7DF}.Release|Any CPU.Build.0 = Release|Any CPU
		{31FB817C-89A3-421F-8508-F20803B556E6}.Debug|Any CPU.ActiveCfg = Debug|Any CPU
		{31FB817C-89A3-421F-8508-F20803B556E6}.Debug|Any CPU.Build.0 = Debug|Any CPU
		{31FB817C-89A3-421F-8508-F20803B556E6}.Release|Any CPU.ActiveCfg = Release|Any CPU
		{31FB817C-89A3-421F-8508-F20803B556E6}.Release|Any CPU.Build.0 = Release|Any CPU
		{A9424D5E-15DE-4DCD-BB13-D9D25B197CB5}.Debug|Any CPU.ActiveCfg = Debug|Any CPU
		{A9424D5E-15DE-4DCD-BB13-D9D25B197CB5}.Debug|Any CPU.Build.0 = Debug|Any CPU
		{A9424D5E-15DE-4DCD-BB13-D9D25B197CB5}.Release|Any CPU.ActiveCfg = Release|Any CPU
		{A9424D5E-15DE-4DCD-BB13-D9D25B197CB5}.Release|Any CPU.Build.0 = Release|Any CPU
		{F53A87D9-D39E-437F-8ED4-1B90E432E23B}.Debug|Any CPU.ActiveCfg = Debug|Any CPU
		{F53A87D9-D39E-437F-8ED4-1B90E432E23B}.Debug|Any CPU.Build.0 = Debug|Any CPU
		{F53A87D9-D39E-437F-8ED4-1B90E432E23B}.Release|Any CPU.ActiveCfg = Release|Any CPU
		{F53A87D9-D39E-437F-8ED4-1B90E432E23B}.Release|Any CPU.Build.0 = Release|Any CPU
	EndGlobalSection
	GlobalSection(SolutionProperties) = preSolution
		HideSolutionNode = FALSE
	EndGlobalSection
	GlobalSection(ExtensibilityGlobals) = postSolution
		SolutionGuid = {5095A426-08AB-4312-8094-AC0D44873016}
	EndGlobalSection
EndGlobal
